// !$*UTF8*$!
{
	archiveVersion = 1;
	classes = {
	};
	objectVersion = 50;
	objects = {

/* Begin PBXBuildFile section */
		FDBE414C23261824001ABBC4 /* AppDelegate.swift in Sources */ = {isa = PBXBuildFile; fileRef = FDBE414B23261824001ABBC4 /* AppDelegate.swift */; };
		FDBE414E23261824001ABBC4 /* ViewController.swift in Sources */ = {isa = PBXBuildFile; fileRef = FDBE414D23261824001ABBC4 /* ViewController.swift */; };
		FDBE415123261824001ABBC4 /* Main.storyboard in Resources */ = {isa = PBXBuildFile; fileRef = FDBE414F23261824001ABBC4 /* Main.storyboard */; };
		FDBE415423261824001ABBC4 /* WebviewTest02.xcdatamodeld in Sources */ = {isa = PBXBuildFile; fileRef = FDBE415223261824001ABBC4 /* WebviewTest02.xcdatamodeld */; };
		FDBE415623261826001ABBC4 /* Assets.xcassets in Resources */ = {isa = PBXBuildFile; fileRef = FDBE415523261826001ABBC4 /* Assets.xcassets */; };
		FDBE415923261826001ABBC4 /* LaunchScreen.storyboard in Resources */ = {isa = PBXBuildFile; fileRef = FDBE415723261826001ABBC4 /* LaunchScreen.storyboard */; };
		FDBE4162232618B5001ABBC4 /* WebKit.framework in Frameworks */ = {isa = PBXBuildFile; fileRef = FDBE4161232618B5001ABBC4 /* WebKit.framework */; };
/* End PBXBuildFile section */

/* Begin PBXFileReference section */
		FDBE414823261824001ABBC4 /* WebviewTest02.app */ = {isa = PBXFileReference; explicitFileType = wrapper.application; includeInIndex = 0; path = WebviewTest02.app; sourceTree = BUILT_PRODUCTS_DIR; };
		FDBE414B23261824001ABBC4 /* AppDelegate.swift */ = {isa = PBXFileReference; lastKnownFileType = sourcecode.swift; path = AppDelegate.swift; sourceTree = "<group>"; };
		FDBE414D23261824001ABBC4 /* ViewController.swift */ = {isa = PBXFileReference; lastKnownFileType = sourcecode.swift; path = ViewController.swift; sourceTree = "<group>"; };
		FDBE415023261824001ABBC4 /* Base */ = {isa = PBXFileReference; lastKnownFileType = file.storyboard; name = Base; path = Base.lproj/Main.storyboard; sourceTree = "<group>"; };
		FDBE415323261824001ABBC4 /* WebviewTest02.xcdatamodel */ = {isa = PBXFileReference; lastKnownFileType = wrapper.xcdatamodel; path = WebviewTest02.xcdatamodel; sourceTree = "<group>"; };
		FDBE415523261826001ABBC4 /* Assets.xcassets */ = {isa = PBXFileReference; lastKnownFileType = folder.assetcatalog; path = Assets.xcassets; sourceTree = "<group>"; };
		FDBE415823261826001ABBC4 /* Base */ = {isa = PBXFileReference; lastKnownFileType = file.storyboard; name = Base; path = Base.lproj/LaunchScreen.storyboard; sourceTree = "<group>"; };
		FDBE415A23261826001ABBC4 /* Info.plist */ = {isa = PBXFileReference; lastKnownFileType = text.plist.xml; path = Info.plist; sourceTree = "<group>"; };
		FDBE4161232618B5001ABBC4 /* WebKit.framework */ = {isa = PBXFileReference; lastKnownFileType = wrapper.framework; name = WebKit.framework; path = System/Library/Frameworks/WebKit.framework; sourceTree = SDKROOT; };
/* End PBXFileReference section */

/* Begin PBXFrameworksBuildPhase section */
		FDBE414523261824001ABBC4 /* Frameworks */ = {
			isa = PBXFrameworksBuildPhase;
			buildActionMask = 2147483647;
			files = (
				FDBE4162232618B5001ABBC4 /* WebKit.framework in Frameworks */,
			);
			runOnlyForDeploymentPostprocessing = 0;
		};
/* End PBXFrameworksBuildPhase section */

/* Begin PBXGroup section */
		FDBE413F23261824001ABBC4 = {
			isa = PBXGroup;
			children = (
				FDBE414A23261824001ABBC4 /* WebviewTest02 */,
				FDBE414923261824001ABBC4 /* Products */,
				FDBE4160232618B5001ABBC4 /* Frameworks */,
			);
			sourceTree = "<group>";
		};
		FDBE414923261824001ABBC4 /* Products */ = {
			isa = PBXGroup;
			children = (
				FDBE414823261824001ABBC4 /* WebviewTest02.app */,
			);
			name = Products;
			sourceTree = "<group>";
		};
		FDBE414A23261824001ABBC4 /* WebviewTest02 */ = {
			isa = PBXGroup;
			children = (
				FDBE414B23261824001ABBC4 /* AppDelegate.swift */,
				FDBE414D23261824001ABBC4 /* ViewController.swift */,
				FDBE414F23261824001ABBC4 /* Main.storyboard */,
				FDBE415523261826001ABBC4 /* Assets.xcassets */,
				FDBE415723261826001ABBC4 /* LaunchScreen.storyboard */,
				FDBE415A23261826001ABBC4 /* Info.plist */,
				FDBE415223261824001ABBC4 /* WebviewTest02.xcdatamodeld */,
			);
			path = WebviewTest02;
			sourceTree = "<group>";
		};
		FDBE4160232618B5001ABBC4 /* Frameworks */ = {
			isa = PBXGroup;
			children = (
				FDBE4161232618B5001ABBC4 /* WebKit.framework */,
			);
			name = Frameworks;
			sourceTree = "<group>";
		};
/* End PBXGroup section */

/* Begin PBXNativeTarget section */
		FDBE414723261824001ABBC4 /* WebviewTest02 */ = {
			isa = PBXNativeTarget;
			buildConfigurationList = FDBE415D23261826001ABBC4 /* Build configuration list for PBXNativeTarget "WebviewTest02" */;
			buildPhases = (
				FDBE414423261824001ABBC4 /* Sources */,
				FDBE414523261824001ABBC4 /* Frameworks */,
				FDBE414623261824001ABBC4 /* Resources */,
			);
			buildRules = (
			);
			dependencies = (
			);
			name = WebviewTest02;
			productName = WebviewTest02;
			productReference = FDBE414823261824001ABBC4 /* WebviewTest02.app */;
			productType = "com.apple.product-type.application";
		};
/* End PBXNativeTarget section */

/* Begin PBXProject section */
		FDBE414023261824001ABBC4 /* Project object */ = {
			isa = PBXProject;
			attributes = {
				LastSwiftUpdateCheck = 1010;
				LastUpgradeCheck = 1010;
				ORGANIZATIONNAME = D7703_23;
				TargetAttributes = {
					FDBE414723261824001ABBC4 = {
						CreatedOnToolsVersion = 10.1;
					};
				};
			};
			buildConfigurationList = FDBE414323261824001ABBC4 /* Build configuration list for PBXProject "WebviewTest02" */;
			compatibilityVersion = "Xcode 9.3";
			developmentRegion = en;
			hasScannedForEncodings = 0;
			knownRegions = (
				en,
				Base,
			);
			mainGroup = FDBE413F23261824001ABBC4;
			productRefGroup = FDBE414923261824001ABBC4 /* Products */;
			projectDirPath = "";
			projectRoot = "";
			targets = (
				FDBE414723261824001ABBC4 /* WebviewTest02 */,
			);
		};
/* End PBXProject section */

/* Begin PBXResourcesBuildPhase section */
		FDBE414623261824001ABBC4 /* Resources */ = {
			isa = PBXResourcesBuildPhase;
			buildActionMask = 2147483647;
			files = (
				FDBE415923261826001ABBC4 /* LaunchScreen.storyboard in Resources */,
				FDBE415623261826001ABBC4 /* Assets.xcassets in Resources */,
				FDBE415123261824001ABBC4 /* Main.storyboard in Resources */,
			);
			runOnlyForDeploymentPostprocessing = 0;
		};
/* End PBXResourcesBuildPhase section */

/* Begin PBXSourcesBuildPhase section */
		FDBE414423261824001ABBC4 /* Sources */ = {
			isa = PBXSourcesBuildPhase;
			buildActionMask = 2147483647;
			files = (
				FDBE414E23261824001ABBC4 /* ViewController.swift in Sources */,
				FDBE415423261824001ABBC4 /* WebviewTest02.xcdatamodeld in Sources */,
				FDBE414C23261824001ABBC4 /* AppDelegate.swift in Sources */,
			);
			runOnlyForDeploymentPostprocessing = 0;
		};
/* End PBXSourcesBuildPhase section */

/* Begin PBXVariantGroup section */
		FDBE414F23261824001ABBC4 /* Main.storyboard */ = {
			isa = PBXVariantGroup;
			children = (
				FDBE415023261824001ABBC4 /* Base */,
			);
			name = Main.storyboard;
			sourceTree = "<group>";
		};
		FDBE415723261826001ABBC4 /* LaunchScreen.storyboard */ = {
			isa = PBXVariantGroup;
			children = (
				FDBE415823261826001ABBC4 /* Base */,
			);
			name = LaunchScreen.storyboard;
			sourceTree = "<group>";
		};
/* End PBXVariantGroup section */

/* Begin XCBuildConfiguration section */
		FDBE415B23261826001ABBC4 /* Debug */ = {
			isa = XCBuildConfiguration;
			buildSettings = {
				ALWAYS_SEARCH_USER_PATHS = NO;
				CLANG_ANALYZER_NONNULL = YES;
				CLANG_ANALYZER_NUMBER_OBJECT_CONVERSION = YES_AGGRESSIVE;
				CLANG_CXX_LANGUAGE_STANDARD = "gnu++14";
				CLANG_CXX_LIBRARY = "libc++";
				CLANG_ENABLE_MODULES = YES;
				CLANG_ENABLE_OBJC_ARC = YES;
				CLANG_ENABLE_OBJC_WEAK = YES;
				CLANG_WARN_BLOCK_CAPTURE_AUTORELEASING = YES;
				CLANG_WARN_BOOL_CONVERSION = YES;
				CLANG_WARN_COMMA = YES;
				CLANG_WARN_CONSTANT_CONVERSION = YES;
				CLANG_WARN_DEPRECATED_OBJC_IMPLEMENTATIONS = YES;
				CLANG_WARN_DIRECT_OBJC_ISA_USAGE = YES_ERROR;
				CLANG_WARN_DOCUMENTATION_COMMENTS = YES;
				CLANG_WARN_EMPTY_BODY = YES;
				CLANG_WARN_ENUM_CONVERSION = YES;
				CLANG_WARN_INFINITE_RECURSION = YES;
				CLANG_WARN_INT_CONVERSION = YES;
				CLANG_WARN_NON_LITERAL_NULL_CONVERSION = YES;
				CLANG_WARN_OBJC_IMPLICIT_RETAIN_SELF = YES;
				CLANG_WARN_OBJC_LITERAL_CONVERSION = YES;
				CLANG_WARN_OBJC_ROOT_CLASS = YES_ERROR;
				CLANG_WARN_RANGE_LOOP_ANALYSIS = YES;
				CLANG_WARN_STRICT_PROTOTYPES = YES;
				CLANG_WARN_SUSPICIOUS_MOVE = YES;
				CLANG_WARN_UNGUARDED_AVAILABILITY = YES_AGGRESSIVE;
				CLANG_WARN_UNREACHABLE_CODE = YES;
				CLANG_WARN__DUPLICATE_METHOD_MATCH = YES;
				CODE_SIGN_IDENTITY = "iPhone Developer";
				COPY_PHASE_STRIP = NO;
				DEBUG_INFORMATION_FORMAT = dwarf;
				ENABLE_STRICT_OBJC_MSGSEND = YES;
				ENABLE_TESTABILITY = YES;
				GCC_C_LANGUAGE_STANDARD = gnu11;
				GCC_DYNAMIC_NO_PIC = NO;
				GCC_NO_COMMON_BLOCKS = YES;
				GCC_OPTIMIZATION_LEVEL = 0;
				GCC_PREPROCESSOR_DEFINITIONS = (
					"DEBUG=1",
					"$(inherited)",
				);
				GCC_WARN_64_TO_32_BIT_CONVERSION = YES;
				GCC_WARN_ABOUT_RETURN_TYPE = YES_ERROR;
				GCC_WARN_UNDECLARED_SELECTOR = YES;
				GCC_WARN_UNINITIALIZED_AUTOS = YES_AGGRESSIVE;
				GCC_WARN_UNUSED_FUNCTION = YES;
				GCC_WARN_UNUSED_VARIABLE = YES;
				IPHONEOS_DEPLOYMENT_TARGET = 12.1;
				MTL_ENABLE_DEBUG_INFO = INCLUDE_SOURCE;
				MTL_FAST_MATH = YES;
				ONLY_ACTIVE_ARCH = YES;
				SDKROOT = iphoneos;
				SWIFT_ACTIVE_COMPILATION_CONDITIONS = DEBUG;
				SWIFT_OPTIMIZATION_LEVEL = "-Onone";
			};
			name = Debug;
		};
		FDBE415C23261826001ABBC4 /* Release */ = {
			isa = XCBuildConfiguration;
			buildSettings = {
				ALWAYS_SEARCH_USER_PATHS = NO;
				CLANG_ANALYZER_NONNULL = YES;
				CLANG_ANALYZER_NUMBER_OBJECT_CONVERSION = YES_AGGRESSIVE;
				CLANG_CXX_LANGUAGE_STANDARD = "gnu++14";
				CLANG_CXX_LIBRARY = "libc++";
				CLANG_ENABLE_MODULES = YES;
				CLANG_ENABLE_OBJC_ARC = YES;
				CLANG_ENABLE_OBJC_WEAK = YES;
				CLANG_WARN_BLOCK_CAPTURE_AUTORELEASING = YES;
				CLANG_WARN_BOOL_CONVERSION = YES;
				CLANG_WARN_COMMA = YES;
				CLANG_WARN_CONSTANT_CONVERSION = YES;
				CLANG_WARN_DEPRECATED_OBJC_IMPLEMENTATIONS = YES;
				CLANG_WARN_DIRECT_OBJC_ISA_USAGE = YES_ERROR;
				CLANG_WARN_DOCUMENTATION_COMMENTS = YES;
				CLANG_WARN_EMPTY_BODY = YES;
				CLANG_WARN_ENUM_CONVERSION = YES;
				CLANG_WARN_INFINITE_RECURSION = YES;
				CLANG_WARN_INT_CONVERSION = YES;
				CLANG_WARN_NON_LITERAL_NULL_CONVERSION = YES;
				CLANG_WARN_OBJC_IMPLICIT_RETAIN_SELF = YES;
				CLANG_WARN_OBJC_LITERAL_CONVERSION = YES;
				CLANG_WARN_OBJC_ROOT_CLASS = YES_ERROR;
				CLANG_WARN_RANGE_LOOP_ANALYSIS = YES;
				CLANG_WARN_STRICT_PROTOTYPES = YES;
				CLANG_WARN_SUSPICIOUS_MOVE = YES;
				CLANG_WARN_UNGUARDED_AVAILABILITY = YES_AGGRESSIVE;
				CLANG_WARN_UNREACHABLE_CODE = YES;
				CLANG_WARN__DUPLICATE_METHOD_MATCH = YES;
				CODE_SIGN_IDENTITY = "iPhone Developer";
				COPY_PHASE_STRIP = NO;
				DEBUG_INFORMATION_FORMAT = "dwarf-with-dsym";
				ENABLE_NS_ASSERTIONS = NO;
				ENABLE_STRICT_OBJC_MSGSEND = YES;
				GCC_C_LANGUAGE_STANDARD = gnu11;
				GCC_NO_COMMON_BLOCKS = YES;
				GCC_WARN_64_TO_32_BIT_CONVERSION = YES;
				GCC_WARN_ABOUT_RETURN_TYPE = YES_ERROR;
				GCC_WARN_UNDECLARED_SELECTOR = YES;
				GCC_WARN_UNINITIALIZED_AUTOS = YES_AGGRESSIVE;
				GCC_WARN_UNUSED_FUNCTION = YES;
				GCC_WARN_UNUSED_VARIABLE = YES;
				IPHONEOS_DEPLOYMENT_TARGET = 12.1;
				MTL_ENABLE_DEBUG_INFO = NO;
				MTL_FAST_MATH = YES;
				SDKROOT = iphoneos;
				SWIFT_COMPILATION_MODE = wholemodule;
				SWIFT_OPTIMIZATION_LEVEL = "-O";
				VALIDATE_PRODUCT = YES;
			};
			name = Release;
		};
		FDBE415E23261826001ABBC4 /* Debug */ = {
			isa = XCBuildConfiguration;
			buildSettings = {
				ASSETCATALOG_COMPILER_APPICON_NAME = AppIcon;
				CODE_SIGN_STYLE = Automatic;
				INFOPLIST_FILE = WebviewTest02/Info.plist;
				LD_RUNPATH_SEARCH_PATHS = (
					"$(inherited)",
					"@executable_path/Frameworks",
				);
				PRODUCT_BUNDLE_IDENTIFIER = "-.WebviewTest02";
				PRODUCT_NAME = "$(TARGET_NAME)";
				SWIFT_VERSION = 4.2;
				TARGETED_DEVICE_FAMILY = "1,2";
			};
			name = Debug;
		};
		FDBE415F23261826001ABBC4 /* Release */ = {
			isa = XCBuildConfiguration;
			buildSettings = {
				ASSETCATALOG_COMPILER_APPICON_NAME = AppIcon;
				CODE_SIGN_STYLE = Automatic;
				INFOPLIST_FILE = WebviewTest02/Info.plist;
				LD_RUNPATH_SEARCH_PATHS = (
					"$(inherited)",
					"@executable_path/Frameworks",
				);
				PRODUCT_BUNDLE_IDENTIFIER = "-.WebviewTest02";
				PRODUCT_NAME = "$(TARGET_NAME)";
				SWIFT_VERSION = 4.2;
				TARGETED_DEVICE_FAMILY = "1,2";
			};
			name = Release;
		};
/* End XCBuildConfiguration section */

/* Begin XCConfigurationList section */
		FDBE414323261824001ABBC4 /* Build configuration list for PBXProject "WebviewTest02" */ = {
			isa = XCConfigurationList;
			buildConfigurations = (
				FDBE415B23261826001ABBC4 /* Debug */,
				FDBE415C23261826001ABBC4 /* Release */,
			);
			defaultConfigurationIsVisible = 0;
			defaultConfigurationName = Release;
		};
		FDBE415D23261826001ABBC4 /* Build configuration list for PBXNativeTarget "WebviewTest02" */ = {
			isa = XCConfigurationList;
			buildConfigurations = (
				FDBE415E23261826001ABBC4 /* Debug */,
				FDBE415F23261826001ABBC4 /* Release */,
			);
			defaultConfigurationIsVisible = 0;
			defaultConfigurationName = Release;
		};
/* End XCConfigurationList section */

/* Begin XCVersionGroup section */
		FDBE415223261824001ABBC4 /* WebviewTest02.xcdatamodeld */ = {
			isa = XCVersionGroup;
			children = (
				FDBE415323261824001ABBC4 /* WebviewTest02.xcdatamodel */,
			);
			currentVersion = FDBE415323261824001ABBC4 /* WebviewTest02.xcdatamodel */;
			path = WebviewTest02.xcdatamodeld;
			sourceTree = "<group>";
			versionGroupType = wrapper.xcdatamodel;
		};
/* End XCVersionGroup section */
	};
	rootObject = FDBE414023261824001ABBC4 /* Project object */;
}
